// !$*UTF8*$!
{
	archiveVersion = 1;
	classes = {
	};
	objectVersion = 56;
	objects = {

/* Begin PBXBuildFile section */
		FE627C882A62951400A47365 /* PinchAppApp.swift in Sources */ = {isa = PBXBuildFile; fileRef = FE627C872A62951400A47365 /* PinchAppApp.swift */; };
		FE627C8A2A62951400A47365 /* ContentView.swift in Sources */ = {isa = PBXBuildFile; fileRef = FE627C892A62951400A47365 /* ContentView.swift */; };
		FE627C8C2A62951500A47365 /* Assets.xcassets in Resources */ = {isa = PBXBuildFile; fileRef = FE627C8B2A62951500A47365 /* Assets.xcassets */; };
		FE627C8F2A62951500A47365 /* Preview Assets.xcassets in Resources */ = {isa = PBXBuildFile; fileRef = FE627C8E2A62951500A47365 /* Preview Assets.xcassets */; };
		FE627C9C2A62A72200A47365 /* InfoPanelView.swift in Sources */ = {isa = PBXBuildFile; fileRef = FE627C9B2A62A72200A47365 /* InfoPanelView.swift */; };
		FE627C9E2A62ABF000A47365 /* ControlImageView.swift in Sources */ = {isa = PBXBuildFile; fileRef = FE627C9D2A62ABF000A47365 /* ControlImageView.swift */; };
		FE627CA02A62B25000A47365 /* PageModel.swift in Sources */ = {isa = PBXBuildFile; fileRef = FE627C9F2A62B25000A47365 /* PageModel.swift */; };
		FE627CA22A62B2B700A47365 /* PageData.swift in Sources */ = {isa = PBXBuildFile; fileRef = FE627CA12A62B2B700A47365 /* PageData.swift */; };
/* End PBXBuildFile section */

/* Begin PBXFileReference section */
		FE627C842A62951400A47365 /* PinchApp.app */ = {isa = PBXFileReference; explicitFileType = wrapper.application; includeInIndex = 0; path = PinchApp.app; sourceTree = BUILT_PRODUCTS_DIR; };
		FE627C872A62951400A47365 /* PinchAppApp.swift */ = {isa = PBXFileReference; lastKnownFileType = sourcecode.swift; path = PinchAppApp.swift; sourceTree = "<group>"; };
		FE627C892A62951400A47365 /* ContentView.swift */ = {isa = PBXFileReference; lastKnownFileType = sourcecode.swift; path = ContentView.swift; sourceTree = "<group>"; };
		FE627C8B2A62951500A47365 /* Assets.xcassets */ = {isa = PBXFileReference; lastKnownFileType = folder.assetcatalog; path = Assets.xcassets; sourceTree = "<group>"; };
		FE627C8E2A62951500A47365 /* Preview Assets.xcassets */ = {isa = PBXFileReference; lastKnownFileType = folder.assetcatalog; path = "Preview Assets.xcassets"; sourceTree = "<group>"; };
		FE627C9B2A62A72200A47365 /* InfoPanelView.swift */ = {isa = PBXFileReference; lastKnownFileType = sourcecode.swift; path = InfoPanelView.swift; sourceTree = "<group>"; };
		FE627C9D2A62ABF000A47365 /* ControlImageView.swift */ = {isa = PBXFileReference; lastKnownFileType = sourcecode.swift; path = ControlImageView.swift; sourceTree = "<group>"; };
		FE627C9F2A62B25000A47365 /* PageModel.swift */ = {isa = PBXFileReference; lastKnownFileType = sourcecode.swift; path = PageModel.swift; sourceTree = "<group>"; };
		FE627CA12A62B2B700A47365 /* PageData.swift */ = {isa = PBXFileReference; lastKnownFileType = sourcecode.swift; path = PageData.swift; sourceTree = "<group>"; };
/* End PBXFileReference section */

/* Begin PBXFrameworksBuildPhase section */
		FE627C812A62951400A47365 /* Frameworks */ = {
			isa = PBXFrameworksBuildPhase;
			buildActionMask = 2147483647;
			files = (
			);
			runOnlyForDeploymentPostprocessing = 0;
		};
/* End PBXFrameworksBuildPhase section */

/* Begin PBXGroup section */
		FE627C7B2A62951400A47365 = {
			isa = PBXGroup;
			children = (
				FE627C862A62951400A47365 /* PinchApp */,
				FE627C852A62951400A47365 /* Products */,
			);
			sourceTree = "<group>";
		};
		FE627C852A62951400A47365 /* Products */ = {
			isa = PBXGroup;
			children = (
				FE627C842A62951400A47365 /* PinchApp.app */,
			);
			name = Products;
			sourceTree = "<group>";
		};
		FE627C862A62951400A47365 /* PinchApp */ = {
			isa = PBXGroup;
			children = (
				FE627C9A2A6296CA00A47365 /* Data */,
				FE627C992A6296C400A47365 /* Model */,
				FE627C962A62968E00A47365 /* View */,
				FE627C872A62951400A47365 /* PinchAppApp.swift */,
				FE627C952A62967B00A47365 /* Screens */,
				FE627C8B2A62951500A47365 /* Assets.xcassets */,
				FE627C8D2A62951500A47365 /* Preview Content */,
			);
			path = PinchApp;
			sourceTree = "<group>";
		};
		FE627C8D2A62951500A47365 /* Preview Content */ = {
			isa = PBXGroup;
			children = (
				FE627C8E2A62951500A47365 /* Preview Assets.xcassets */,
			);
			path = "Preview Content";
			sourceTree = "<group>";
		};
		FE627C952A62967B00A47365 /* Screens */ = {
			isa = PBXGroup;
			children = (
				FE627C892A62951400A47365 /* ContentView.swift */,
			);
			path = Screens;
			sourceTree = "<group>";
		};
		FE627C962A62968E00A47365 /* View */ = {
			isa = PBXGroup;
			children = (
				FE627C9B2A62A72200A47365 /* InfoPanelView.swift */,
				FE627C9D2A62ABF000A47365 /* ControlImageView.swift */,
			);
			path = View;
			sourceTree = "<group>";
		};
		FE627C992A6296C400A47365 /* Model */ = {
			isa = PBXGroup;
			children = (
				FE627C9F2A62B25000A47365 /* PageModel.swift */,
			);
			path = Model;
			sourceTree = "<group>";
		};
		FE627C9A2A6296CA00A47365 /* Data */ = {
			isa = PBXGroup;
			children = (
				FE627CA12A62B2B700A47365 /* PageData.swift */,
			);
			path = Data;
			sourceTree = "<group>";
		};
/* End PBXGroup section */

/* Begin PBXNativeTarget section */
		FE627C832A62951400A47365 /* PinchApp */ = {
			isa = PBXNativeTarget;
			buildConfigurationList = FE627C922A62951500A47365 /* Build configuration list for PBXNativeTarget "PinchApp" */;
			buildPhases = (
				FE627C802A62951400A47365 /* Sources */,
				FE627C812A62951400A47365 /* Frameworks */,
				FE627C822A62951400A47365 /* Resources */,
			);
			buildRules = (
			);
			dependencies = (
			);
			name = PinchApp;
			productName = PinchApp;
			productReference = FE627C842A62951400A47365 /* PinchApp.app */;
			productType = "com.apple.product-type.application";
		};
/* End PBXNativeTarget section */

/* Begin PBXProject section */
		FE627C7C2A62951400A47365 /* Project object */ = {
			isa = PBXProject;
			attributes = {
				BuildIndependentTargetsInParallel = 1;
				LastSwiftUpdateCheck = 1430;
				LastUpgradeCheck = 1430;
				TargetAttributes = {
					FE627C832A62951400A47365 = {
						CreatedOnToolsVersion = 14.3.1;
					};
				};
			};
			buildConfigurationList = FE627C7F2A62951400A47365 /* Build configuration list for PBXProject "PinchApp" */;
			compatibilityVersion = "Xcode 14.0";
			developmentRegion = en;
			hasScannedForEncodings = 0;
			knownRegions = (
				en,
				Base,
			);
			mainGroup = FE627C7B2A62951400A47365;
			productRefGroup = FE627C852A62951400A47365 /* Products */;
			projectDirPath = "";
			projectRoot = "";
			targets = (
				FE627C832A62951400A47365 /* PinchApp */,
			);
		};
/* End PBXProject section */

/* Begin PBXResourcesBuildPhase section */
		FE627C822A62951400A47365 /* Resources */ = {
			isa = PBXResourcesBuildPhase;
			buildActionMask = 2147483647;
			files = (
				FE627C8F2A62951500A47365 /* Preview Assets.xcassets in Resources */,
				FE627C8C2A62951500A47365 /* Assets.xcassets in Resources */,
			);
			runOnlyForDeploymentPostprocessing = 0;
		};
/* End PBXResourcesBuildPhase section */

/* Begin PBXSourcesBuildPhase section */
		FE627C802A62951400A47365 /* Sources */ = {
			isa = PBXSourcesBuildPhase;
			buildActionMask = 2147483647;
			files = (
				FE627C9E2A62ABF000A47365 /* ControlImageView.swift in Sources */,
				FE627CA02A62B25000A47365 /* PageModel.swift in Sources */,
				FE627C8A2A62951400A47365 /* ContentView.swift in Sources */,
				FE627C882A62951400A47365 /* PinchAppApp.swift in Sources */,
				FE627CA22A62B2B700A47365 /* PageData.swift in Sources */,
				FE627C9C2A62A72200A47365 /* InfoPanelView.swift in Sources */,
			);
			runOnlyForDeploymentPostprocessing = 0;
		};
/* End PBXSourcesBuildPhase section */

/* Begin XCBuildConfiguration section */
		FE627C902A62951500A47365 /* Debug */ = {
			isa = XCBuildConfiguration;
			buildSettings = {
				ALWAYS_SEARCH_USER_PATHS = NO;
				CLANG_ANALYZER_NONNULL = YES;
				CLANG_ANALYZER_NUMBER_OBJECT_CONVERSION = YES_AGGRESSIVE;
				CLANG_CXX_LANGUAGE_STANDARD = "gnu++20";
				CLANG_ENABLE_MODULES = YES;
				CLANG_ENABLE_OBJC_ARC = YES;
				CLANG_ENABLE_OBJC_WEAK = YES;
				CLANG_WARN_BLOCK_CAPTURE_AUTORELEASING = YES;
				CLANG_WARN_BOOL_CONVERSION = YES;
				CLANG_WARN_COMMA = YES;
				CLANG_WARN_CONSTANT_CONVERSION = YES;
				CLANG_WARN_DEPRECATED_OBJC_IMPLEMENTATIONS = YES;
				CLANG_WARN_DIRECT_OBJC_ISA_USAGE = YES_ERROR;
				CLANG_WARN_DOCUMENTATION_COMMENTS = YES;
				CLANG_WARN_EMPTY_BODY = YES;
				CLANG_WARN_ENUM_CONVERSION = YES;
				CLANG_WARN_INFINITE_RECURSION = YES;
				CLANG_WARN_INT_CONVERSION = YES;
				CLANG_WARN_NON_LITERAL_NULL_CONVERSION = YES;
				CLANG_WARN_OBJC_IMPLICIT_RETAIN_SELF = YES;
				CLANG_WARN_OBJC_LITERAL_CONVERSION = YES;
				CLANG_WARN_OBJC_ROOT_CLASS = YES_ERROR;
				CLANG_WARN_QUOTED_INCLUDE_IN_FRAMEWORK_HEADER = YES;
				CLANG_WARN_RANGE_LOOP_ANALYSIS = YES;
				CLANG_WARN_STRICT_PROTOTYPES = YES;
				CLANG_WARN_SUSPICIOUS_MOVE = YES;
				CLANG_WARN_UNGUARDED_AVAILABILITY = YES_AGGRESSIVE;
				CLANG_WARN_UNREACHABLE_CODE = YES;
				CLANG_WARN__DUPLICATE_METHOD_MATCH = YES;
				COPY_PHASE_STRIP = NO;
				DEBUG_INFORMATION_FORMAT = dwarf;
				ENABLE_STRICT_OBJC_MSGSEND = YES;
				ENABLE_TESTABILITY = YES;
				GCC_C_LANGUAGE_STANDARD = gnu11;
				GCC_DYNAMIC_NO_PIC = NO;
				GCC_NO_COMMON_BLOCKS = YES;
				GCC_OPTIMIZATION_LEVEL = 0;
				GCC_PREPROCESSOR_DEFINITIONS = (
					"DEBUG=1",
					"$(inherited)",
				);
				GCC_WARN_64_TO_32_BIT_CONVERSION = YES;
				GCC_WARN_ABOUT_RETURN_TYPE = YES_ERROR;
				GCC_WARN_UNDECLARED_SELECTOR = YES;
				GCC_WARN_UNINITIALIZED_AUTOS = YES_AGGRESSIVE;
				GCC_WARN_UNUSED_FUNCTION = YES;
				GCC_WARN_UNUSED_VARIABLE = YES;
				IPHONEOS_DEPLOYMENT_TARGET = 15.0;
				MTL_ENABLE_DEBUG_INFO = INCLUDE_SOURCE;
				MTL_FAST_MATH = YES;
				ONLY_ACTIVE_ARCH = YES;
				SDKROOT = iphoneos;
				SWIFT_ACTIVE_COMPILATION_CONDITIONS = DEBUG;
				SWIFT_OPTIMIZATION_LEVEL = "-Onone";
			};
			name = Debug;
		};
		FE627C912A62951500A47365 /* Release */ = {
			isa = XCBuildConfiguration;
			buildSettings = {
				ALWAYS_SEARCH_USER_PATHS = NO;
				CLANG_ANALYZER_NONNULL = YES;
				CLANG_ANALYZER_NUMBER_OBJECT_CONVERSION = YES_AGGRESSIVE;
				CLANG_CXX_LANGUAGE_STANDARD = "gnu++20";
				CLANG_ENABLE_MODULES = YES;
				CLANG_ENABLE_OBJC_ARC = YES;
				CLANG_ENABLE_OBJC_WEAK = YES;
				CLANG_WARN_BLOCK_CAPTURE_AUTORELEASING = YES;
				CLANG_WARN_BOOL_CONVERSION = YES;
				CLANG_WARN_COMMA = YES;
				CLANG_WARN_CONSTANT_CONVERSION = YES;
				CLANG_WARN_DEPRECATED_OBJC_IMPLEMENTATIONS = YES;
				CLANG_WARN_DIRECT_OBJC_ISA_USAGE = YES_ERROR;
				CLANG_WARN_DOCUMENTATION_COMMENTS = YES;
				CLANG_WARN_EMPTY_BODY = YES;
				CLANG_WARN_ENUM_CONVERSION = YES;
				CLANG_WARN_INFINITE_RECURSION = YES;
				CLANG_WARN_INT_CONVERSION = YES;
				CLANG_WARN_NON_LITERAL_NULL_CONVERSION = YES;
				CLANG_WARN_OBJC_IMPLICIT_RETAIN_SELF = YES;
				CLANG_WARN_OBJC_LITERAL_CONVERSION = YES;
				CLANG_WARN_OBJC_ROOT_CLASS = YES_ERROR;
				CLANG_WARN_QUOTED_INCLUDE_IN_FRAMEWORK_HEADER = YES;
				CLANG_WARN_RANGE_LOOP_ANALYSIS = YES;
				CLANG_WARN_STRICT_PROTOTYPES = YES;
				CLANG_WARN_SUSPICIOUS_MOVE = YES;
				CLANG_WARN_UNGUARDED_AVAILABILITY = YES_AGGRESSIVE;
				CLANG_WARN_UNREACHABLE_CODE = YES;
				CLANG_WARN__DUPLICATE_METHOD_MATCH = YES;
				COPY_PHASE_STRIP = NO;
				DEBUG_INFORMATION_FORMAT = "dwarf-with-dsym";
				ENABLE_NS_ASSERTIONS = NO;
				ENABLE_STRICT_OBJC_MSGSEND = YES;
				GCC_C_LANGUAGE_STANDARD = gnu11;
				GCC_NO_COMMON_BLOCKS = YES;
				GCC_WARN_64_TO_32_BIT_CONVERSION = YES;
				GCC_WARN_ABOUT_RETURN_TYPE = YES_ERROR;
				GCC_WARN_UNDECLARED_SELECTOR = YES;
				GCC_WARN_UNINITIALIZED_AUTOS = YES_AGGRESSIVE;
				GCC_WARN_UNUSED_FUNCTION = YES;
				GCC_WARN_UNUSED_VARIABLE = YES;
				IPHONEOS_DEPLOYMENT_TARGET = 15.0;
				MTL_ENABLE_DEBUG_INFO = NO;
				MTL_FAST_MATH = YES;
				SDKROOT = iphoneos;
				SWIFT_COMPILATION_MODE = wholemodule;
				SWIFT_OPTIMIZATION_LEVEL = "-O";
				VALIDATE_PRODUCT = YES;
			};
			name = Release;
		};
		FE627C932A62951500A47365 /* Debug */ = {
			isa = XCBuildConfiguration;
			buildSettings = {
				ASSETCATALOG_COMPILER_APPICON_NAME = AppIcon;
				ASSETCATALOG_COMPILER_GLOBAL_ACCENT_COLOR_NAME = AccentColor;
				CODE_SIGN_STYLE = Automatic;
				CURRENT_PROJECT_VERSION = 1;
				DEVELOPMENT_ASSET_PATHS = "\"PinchApp/Preview Content\"";
				DEVELOPMENT_TEAM = V5CW7SCCNU;
				ENABLE_PREVIEWS = YES;
				GENERATE_INFOPLIST_FILE = YES;
				INFOPLIST_KEY_LSApplicationCategoryType = "public.app-category.entertainment";
				INFOPLIST_KEY_UIApplicationSceneManifest_Generation = YES;
				INFOPLIST_KEY_UIApplicationSupportsIndirectInputEvents = YES;
				INFOPLIST_KEY_UILaunchScreen_Generation = YES;
				INFOPLIST_KEY_UISupportedInterfaceOrientations = "UIInterfaceOrientationPortrait UIInterfaceOrientationPortraitUpsideDown";
				IPHONEOS_DEPLOYMENT_TARGET = 15.0;
				LD_RUNPATH_SEARCH_PATHS = (
					"$(inherited)",
					"@executable_path/Frameworks",
				);
				MARKETING_VERSION = 1.0;
				PRODUCT_BUNDLE_IDENTIFIER = "it.matbuompy.pinch-app.PinchApp";
				PRODUCT_NAME = "$(TARGET_NAME)";
				SUPPORTED_PLATFORMS = "iphoneos iphonesimulator";
				SUPPORTS_MACCATALYST = NO;
				SUPPORTS_MAC_DESIGNED_FOR_IPHONE_IPAD = NO;
				SWIFT_EMIT_LOC_STRINGS = YES;
				SWIFT_VERSION = 5.0;
				TARGETED_DEVICE_FAMILY = "1,2";
			};
			name = Debug;
		};
		FE627C942A62951500A47365 /* Release */ = {
			isa = XCBuildConfiguration;
			buildSettings = {
				ASSETCATALOG_COMPILER_APPICON_NAME = AppIcon;
				ASSETCATALOG_COMPILER_GLOBAL_ACCENT_COLOR_NAME = AccentColor;
				CODE_SIGN_STYLE = Automatic;
				CURRENT_PROJECT_VERSION = 1;
				DEVELOPMENT_ASSET_PATHS = "\"PinchApp/Preview Content\"";
				DEVELOPMENT_TEAM = V5CW7SCCNU;
				ENABLE_PREVIEWS = YES;
				GENERATE_INFOPLIST_FILE = YES;
				INFOPLIST_KEY_LSApplicationCategoryType = "public.app-category.entertainment";
				INFOPLIST_KEY_UIApplicationSceneManifest_Generation = YES;
				INFOPLIST_KEY_UIApplicationSupportsIndirectInputEvents = YES;
				INFOPLIST_KEY_UILaunchScreen_Generation = YES;
				INFOPLIST_KEY_UISupportedInterfaceOrientations = "UIInterfaceOrientationPortrait UIInterfaceOrientationPortraitUpsideDown";
				IPHONEOS_DEPLOYMENT_TARGET = 15.0;
				LD_RUNPATH_SEARCH_PATHS = (
					"$(inherited)",
					"@executable_path/Frameworks",
				);
				MARKETING_VERSION = 1.0;
				PRODUCT_BUNDLE_IDENTIFIER = "it.matbuompy.pinch-app.PinchApp";
				PRODUCT_NAME = "$(TARGET_NAME)";
				SUPPORTED_PLATFORMS = "iphoneos iphonesimulator";
				SUPPORTS_MACCATALYST = NO;
				SUPPORTS_MAC_DESIGNED_FOR_IPHONE_IPAD = NO;
				SWIFT_EMIT_LOC_STRINGS = YES;
				SWIFT_VERSION = 5.0;
				TARGETED_DEVICE_FAMILY = "1,2";
			};
			name = Release;
		};
/* End XCBuildConfiguration section */

/* Begin XCConfigurationList section */
		FE627C7F2A62951400A47365 /* Build configuration list for PBXProject "PinchApp" */ = {
			isa = XCConfigurationList;
			buildConfigurations = (
				FE627C902A62951500A47365 /* Debug */,
				FE627C912A62951500A47365 /* Release */,
			);
			defaultConfigurationIsVisible = 0;
			defaultConfigurationName = Release;
		};
		FE627C922A62951500A47365 /* Build configuration list for PBXNativeTarget "PinchApp" */ = {
			isa = XCConfigurationList;
			buildConfigurations = (
				FE627C932A62951500A47365 /* Debug */,
				FE627C942A62951500A47365 /* Release */,
			);
			defaultConfigurationIsVisible = 0;
			defaultConfigurationName = Release;
		};
/* End XCConfigurationList section */
	};
	rootObject = FE627C7C2A62951400A47365 /* Project object */;
}
